Microsoft Visual Studio Solution File, Format Version 12.00
# Visual Studio Version 17
VisualStudioVersion = 17.5.2.0
MinimumVisualStudioVersion = 10.0.40219.1
Project("{2150E333-8FDC-42A3-9474-1A3956D46DE8}") = "hello-k3s-app", "hello-k3s-app", "{7294C5EF-54A3-ABBB-9B45-13CCDED8A234}"
EndProject
Project("{FAE04EC0-301F-11D3-BF4B-00C04F79EFBC}") = "HelloK3s", "hello-k3s-app\HelloK3s\HelloK3s.csproj", "{A178BE60-9038-32F9-148B-56655E5EEF72}"
EndProject
Global
	GlobalSection(SolutionConfigurationPlatforms) = preSolution
		Debug|Any CPU = Debug|Any CPU
		Release|Any CPU = Release|Any CPU
	EndGlobalSection
	GlobalSection(ProjectConfigurationPlatforms) = postSolution
		{A178BE60-9038-32F9-148B-56655E5EEF72}.Debug|Any CPU.ActiveCfg = Debug|Any CPU
		{A178BE60-9038-32F9-148B-56655E5EEF72}.Debug|Any CPU.Build.0 = Debug|Any CPU
		{A178BE60-9038-32F9-148B-56655E5EEF72}.Release|Any CPU.ActiveCfg = Release|Any CPU
		{A178BE60-9038-32F9-148B-56655E5EEF72}.Release|Any CPU.Build.0 = Release|Any CPU
	EndGlobalSection
	GlobalSection(SolutionProperties) = preSolution
		HideSolutionNode = FALSE
	EndGlobalSection
	GlobalSection(NestedProjects) = preSolution
		{A178BE60-9038-32F9-148B-56655E5EEF72} = {7294C5EF-54A3-ABBB-9B45-13CCDED8A234}
	EndGlobalSection
	GlobalSection(ExtensibilityGlobals) = postSolution
		SolutionGuid = {BC22B2AE-4DD7-4CDE-89AB-37E4DF3F95D8}
	EndGlobalSection
EndGlobal
